
Microsoft Visual Studio Solution File, Format Version 12.00
# Visual Studio 15
VisualStudioVersion = 15.0.28010.2036
MinimumVisualStudioVersion = 10.0.40219.1
Project("{FAE04EC0-301F-11D3-BF4B-00C04F79EFBC}") = "Randomizer", "Randomizer\Randomizer.csproj", "{A85EF0DD-89D2-4D90-9B14-3CBE2238A5C9}"
	ProjectSection(ProjectDependencies) = postProject
		{6AD679C2-5CCE-4FA5-A0DE-239587B48ED5} = {6AD679C2-5CCE-4FA5-A0DE-239587B48ED5}
		{6C3024F3-9DC2-4FA6-9A53-896A0B9AE6BC} = {6C3024F3-9DC2-4FA6-9A53-896A0B9AE6BC}
	EndProjectSection
EndProject
Project("{FAE04EC0-301F-11D3-BF4B-00C04F79EFBC}") = "DBAdapter", "DBAdapter\DBAdapter.csproj", "{D41D9B44-838F-4DAF-AE8D-FD17DFB877C8}"
EndProject
Project("{FAE04EC0-301F-11D3-BF4B-00C04F79EFBC}") = "Managers", "Managers\Managers.csproj", "{6AD679C2-5CCE-4FA5-A0DE-239587B48ED5}"
	ProjectSection(ProjectDependencies) = postProject
		{6C3024F3-9DC2-4FA6-9A53-896A0B9AE6BC} = {6C3024F3-9DC2-4FA6-9A53-896A0B9AE6BC}
	EndProjectSection
EndProject
Project("{FAE04EC0-301F-11D3-BF4B-00C04F79EFBC}") = "Tools", "Tools\Tools.csproj", "{6C3024F3-9DC2-4FA6-9A53-896A0B9AE6BC}"
EndProject
Project("{FAE04EC0-301F-11D3-BF4B-00C04F79EFBC}") = "DBModels", "DBModels\DBModels.csproj", "{72411527-0011-418C-84CD-A8D71F30B73D}"
EndProject
Global
	GlobalSection(SolutionConfigurationPlatforms) = preSolution
		Debug|Any CPU = Debug|Any CPU
		Release|Any CPU = Release|Any CPU
	EndGlobalSection
	GlobalSection(ProjectConfigurationPlatforms) = postSolution
		{A85EF0DD-89D2-4D90-9B14-3CBE2238A5C9}.Debug|Any CPU.ActiveCfg = Debug|Any CPU
		{A85EF0DD-89D2-4D90-9B14-3CBE2238A5C9}.Debug|Any CPU.Build.0 = Debug|Any CPU
		{A85EF0DD-89D2-4D90-9B14-3CBE2238A5C9}.Release|Any CPU.ActiveCfg = Release|Any CPU
		{A85EF0DD-89D2-4D90-9B14-3CBE2238A5C9}.Release|Any CPU.Build.0 = Release|Any CPU
		{D41D9B44-838F-4DAF-AE8D-FD17DFB877C8}.Debug|Any CPU.ActiveCfg = Debug|Any CPU
		{D41D9B44-838F-4DAF-AE8D-FD17DFB877C8}.Debug|Any CPU.Build.0 = Debug|Any CPU
		{D41D9B44-838F-4DAF-AE8D-FD17DFB877C8}.Release|Any CPU.ActiveCfg = Release|Any CPU
		{D41D9B44-838F-4DAF-AE8D-FD17DFB877C8}.Release|Any CPU.Build.0 = Release|Any CPU
		{6AD679C2-5CCE-4FA5-A0DE-239587B48ED5}.Debug|Any CPU.ActiveCfg = Debug|Any CPU
		{6AD679C2-5CCE-4FA5-A0DE-239587B48ED5}.Debug|Any CPU.Build.0 = Debug|Any CPU
		{6AD679C2-5CCE-4FA5-A0DE-239587B48ED5}.Release|Any CPU.ActiveCfg = Release|Any CPU
		{6AD679C2-5CCE-4FA5-A0DE-239587B48ED5}.Release|Any CPU.Build.0 = Release|Any CPU
		{6C3024F3-9DC2-4FA6-9A53-896A0B9AE6BC}.Debug|Any CPU.ActiveCfg = Debug|Any CPU
		{6C3024F3-9DC2-4FA6-9A53-896A0B9AE6BC}.Debug|Any CPU.Build.0 = Debug|Any CPU
		{6C3024F3-9DC2-4FA6-9A53-896A0B9AE6BC}.Release|Any CPU.ActiveCfg = Release|Any CPU
		{6C3024F3-9DC2-4FA6-9A53-896A0B9AE6BC}.Release|Any CPU.Build.0 = Release|Any CPU
		{72411527-0011-418C-84CD-A8D71F30B73D}.Debug|Any CPU.ActiveCfg = Debug|Any CPU
		{72411527-0011-418C-84CD-A8D71F30B73D}.Debug|Any CPU.Build.0 = Debug|Any CPU
		{72411527-0011-418C-84CD-A8D71F30B73D}.Release|Any CPU.ActiveCfg = Release|Any CPU
		{72411527-0011-418C-84CD-A8D71F30B73D}.Release|Any CPU.Build.0 = Release|Any CPU
	EndGlobalSection
	GlobalSection(SolutionProperties) = preSolution
		HideSolutionNode = FALSE
	EndGlobalSection
	GlobalSection(ExtensibilityGlobals) = postSolution
		SolutionGuid = {94021C38-1162-4B1A-84A6-1C537237960A}
	EndGlobalSection
EndGlobal
